
Microsoft Visual Studio Solution File, Format Version 12.00
# Visual Studio Version 17
VisualStudioVersion = 17.6.33815.320
MinimumVisualStudioVersion = 10.0.40219.1
Project("{FAE04EC0-301F-11D3-BF4B-00C04F79EFBC}") = "ShellSort", "ShellSort\ShellSort.csproj", "{300D0C9C-322F-46B7-8B4B-30ED06DEA5F2}"
EndProject
Global
	GlobalSection(SolutionConfigurationPlatforms) = preSolution
		Debug|Any CPU = Debug|Any CPU
		Release|Any CPU = Release|Any CPU
	EndGlobalSection
	GlobalSection(ProjectConfigurationPlatforms) = postSolution
		{300D0C9C-322F-46B7-8B4B-30ED06DEA5F2}.Debug|Any CPU.ActiveCfg = Debug|Any CPU
		{300D0C9C-322F-46B7-8B4B-30ED06DEA5F2}.Debug|Any CPU.Build.0 = Debug|Any CPU
		{300D0C9C-322F-46B7-8B4B-30ED06DEA5F2}.Release|Any CPU.ActiveCfg = Release|Any CPU
		{300D0C9C-322F-46B7-8B4B-30ED06DEA5F2}.Release|Any CPU.Build.0 = Release|Any CPU
	EndGlobalSection
	GlobalSection(SolutionProperties) = preSolution
		HideSolutionNode = FALSE
	EndGlobalSection
	GlobalSection(ExtensibilityGlobals) = postSolution
		SolutionGuid = {A924A47A-8331-4D36-9ECF-049CD8B04102}
	EndGlobalSection
EndGlobal
