
Microsoft Visual Studio Solution File, Format Version 12.00
# Visual Studio Version 17
VisualStudioVersion = 17.6.33815.320
MinimumVisualStudioVersion = 10.0.40219.1
Project("{FAE04EC0-301F-11D3-BF4B-00C04F79EFBC}") = "PrimitiveTypesAndExpressions", "PrimitiveTypesAndExpressions\PrimitiveTypesAndExpressions.csproj", "{97F6C6F6-06EA-477A-A836-9D92AEC41DD4}"
EndProject
Global
	GlobalSection(SolutionConfigurationPlatforms) = preSolution
		Debug|Any CPU = Debug|Any CPU
		Release|Any CPU = Release|Any CPU
	EndGlobalSection
	GlobalSection(ProjectConfigurationPlatforms) = postSolution
		{97F6C6F6-06EA-477A-A836-9D92AEC41DD4}.Debug|Any CPU.ActiveCfg = Debug|Any CPU
		{97F6C6F6-06EA-477A-A836-9D92AEC41DD4}.Debug|Any CPU.Build.0 = Debug|Any CPU
		{97F6C6F6-06EA-477A-A836-9D92AEC41DD4}.Release|Any CPU.ActiveCfg = Release|Any CPU
		{97F6C6F6-06EA-477A-A836-9D92AEC41DD4}.Release|Any CPU.Build.0 = Release|Any CPU
	EndGlobalSection
	GlobalSection(SolutionProperties) = preSolution
		HideSolutionNode = FALSE
	EndGlobalSection
	GlobalSection(ExtensibilityGlobals) = postSolution
		SolutionGuid = {88FF3F01-AD11-48CF-B337-F2F517C31785}
	EndGlobalSection
EndGlobal
