
Microsoft Visual Studio Solution File, Format Version 12.00
# Visual Studio Version 17
VisualStudioVersion = 17.6.33815.320
MinimumVisualStudioVersion = 10.0.40219.1
Project("{FAE04EC0-301F-11D3-BF4B-00C04F79EFBC}") = "Structs", "Structs\Structs.csproj", "{DCA80A78-3EDF-47F8-B645-6DCAC60819BE}"
EndProject
Global
	GlobalSection(SolutionConfigurationPlatforms) = preSolution
		Debug|Any CPU = Debug|Any CPU
		Release|Any CPU = Release|Any CPU
	EndGlobalSection
	GlobalSection(ProjectConfigurationPlatforms) = postSolution
		{DCA80A78-3EDF-47F8-B645-6DCAC60819BE}.Debug|Any CPU.ActiveCfg = Debug|Any CPU
		{DCA80A78-3EDF-47F8-B645-6DCAC60819BE}.Debug|Any CPU.Build.0 = Debug|Any CPU
		{DCA80A78-3EDF-47F8-B645-6DCAC60819BE}.Release|Any CPU.ActiveCfg = Release|Any CPU
		{DCA80A78-3EDF-47F8-B645-6DCAC60819BE}.Release|Any CPU.Build.0 = Release|Any CPU
	EndGlobalSection
	GlobalSection(SolutionProperties) = preSolution
		HideSolutionNode = FALSE
	EndGlobalSection
	GlobalSection(ExtensibilityGlobals) = postSolution
		SolutionGuid = {0443A001-FAD6-42A5-B2CE-5D729FBB38BC}
	EndGlobalSection
EndGlobal
